
Microsoft Visual Studio Solution File, Format Version 11.00
# Visual Studio 2010
# SharpDevelop 4.4
Project("{FD48973F-F585-4F70-812B-4D0503B36CE9}") = "PythonConsole", "PythonConsole\PythonConsole.pyproj", "{5F99342C-1B44-4ED5-9B02-7E2E0C734856}"
EndProject
Global
	GlobalSection(SolutionConfigurationPlatforms) = preSolution
		Debug|Any CPU = Debug|Any CPU
		Release|Any CPU = Release|Any CPU
	EndGlobalSection
	GlobalSection(ProjectConfigurationPlatforms) = postSolution
		{5F99342C-1B44-4ED5-9B02-7E2E0C734856}.Debug|Any CPU.Build.0 = Debug|Any CPU
		{5F99342C-1B44-4ED5-9B02-7E2E0C734856}.Debug|Any CPU.ActiveCfg = Debug|Any CPU
		{5F99342C-1B44-4ED5-9B02-7E2E0C734856}.Release|Any CPU.Build.0 = Release|Any CPU
		{5F99342C-1B44-4ED5-9B02-7E2E0C734856}.Release|Any CPU.ActiveCfg = Release|Any CPU
	EndGlobalSection
EndGlobal
