
Microsoft Visual Studio Solution File, Format Version 11.00
# Visual Studio 2010
# SharpDevelop 4.4
Project("{FD48973F-F585-4F70-812B-4D0503B36CE9}") = "mpmathListing", "mpmathListing\mpmathListing.pyproj", "{15660AFF-72ED-4FB4-82EB-824193CDC8A2}"
EndProject
Project("{FD48973F-F585-4F70-812B-4D0503B36CE9}") = "mpmathCalculus", "mpmathCalculus\mpmathCalculus.pyproj", "{890645F2-0655-48B7-BD1C-5A0649DBB1BA}"
EndProject
Project("{FD48973F-F585-4F70-812B-4D0503B36CE9}") = "mpmathFunctions", "mpmathFunctions\mpmathFunctions.pyproj", "{9C0217DE-AF96-4668-83B8-85F2A389AD68}"
EndProject
Project("{FD48973F-F585-4F70-812B-4D0503B36CE9}") = "mpmathLibMp", "mpmathLibMp\mpmathLibMp.pyproj", "{82EB37F1-A2E8-410A-9AEA-D05D17E0483A}"
EndProject
Project("{FD48973F-F585-4F70-812B-4D0503B36CE9}") = "mpmathMatrices", "mpmathMatrices\mpmathMatrices.pyproj", "{07915712-02F6-45F6-B260-05A3E370286D}"
EndProject
Project("{FD48973F-F585-4F70-812B-4D0503B36CE9}") = "mpmathTests", "mpmathTests\mpmathTests.pyproj", "{8BF3A341-1009-4830-A5E9-8BE181C8D938}"
EndProject
Global
	GlobalSection(SolutionConfigurationPlatforms) = preSolution
		Debug|Any CPU = Debug|Any CPU
		Release|Any CPU = Release|Any CPU
	EndGlobalSection
	GlobalSection(ProjectConfigurationPlatforms) = postSolution
		{15660AFF-72ED-4FB4-82EB-824193CDC8A2}.Debug|Any CPU.Build.0 = Debug|Any CPU
		{15660AFF-72ED-4FB4-82EB-824193CDC8A2}.Debug|Any CPU.ActiveCfg = Debug|Any CPU
		{15660AFF-72ED-4FB4-82EB-824193CDC8A2}.Release|Any CPU.Build.0 = Release|Any CPU
		{15660AFF-72ED-4FB4-82EB-824193CDC8A2}.Release|Any CPU.ActiveCfg = Release|Any CPU
		{890645F2-0655-48B7-BD1C-5A0649DBB1BA}.Debug|Any CPU.Build.0 = Debug|Any CPU
		{890645F2-0655-48B7-BD1C-5A0649DBB1BA}.Debug|Any CPU.ActiveCfg = Debug|Any CPU
		{890645F2-0655-48B7-BD1C-5A0649DBB1BA}.Release|Any CPU.Build.0 = Release|Any CPU
		{890645F2-0655-48B7-BD1C-5A0649DBB1BA}.Release|Any CPU.ActiveCfg = Release|Any CPU
		{9C0217DE-AF96-4668-83B8-85F2A389AD68}.Debug|Any CPU.Build.0 = Debug|Any CPU
		{9C0217DE-AF96-4668-83B8-85F2A389AD68}.Debug|Any CPU.ActiveCfg = Debug|Any CPU
		{9C0217DE-AF96-4668-83B8-85F2A389AD68}.Release|Any CPU.Build.0 = Release|Any CPU
		{9C0217DE-AF96-4668-83B8-85F2A389AD68}.Release|Any CPU.ActiveCfg = Release|Any CPU
		{82EB37F1-A2E8-410A-9AEA-D05D17E0483A}.Debug|Any CPU.Build.0 = Debug|Any CPU
		{82EB37F1-A2E8-410A-9AEA-D05D17E0483A}.Debug|Any CPU.ActiveCfg = Debug|Any CPU
		{82EB37F1-A2E8-410A-9AEA-D05D17E0483A}.Release|Any CPU.Build.0 = Release|Any CPU
		{82EB37F1-A2E8-410A-9AEA-D05D17E0483A}.Release|Any CPU.ActiveCfg = Release|Any CPU
		{07915712-02F6-45F6-B260-05A3E370286D}.Debug|Any CPU.Build.0 = Debug|Any CPU
		{07915712-02F6-45F6-B260-05A3E370286D}.Debug|Any CPU.ActiveCfg = Debug|Any CPU
		{07915712-02F6-45F6-B260-05A3E370286D}.Release|Any CPU.Build.0 = Release|Any CPU
		{07915712-02F6-45F6-B260-05A3E370286D}.Release|Any CPU.ActiveCfg = Release|Any CPU
		{8BF3A341-1009-4830-A5E9-8BE181C8D938}.Debug|Any CPU.Build.0 = Debug|Any CPU
		{8BF3A341-1009-4830-A5E9-8BE181C8D938}.Debug|Any CPU.ActiveCfg = Debug|Any CPU
		{8BF3A341-1009-4830-A5E9-8BE181C8D938}.Release|Any CPU.Build.0 = Release|Any CPU
		{8BF3A341-1009-4830-A5E9-8BE181C8D938}.Release|Any CPU.ActiveCfg = Release|Any CPU
	EndGlobalSection
EndGlobal
