
Microsoft Visual Studio Solution File, Format Version 11.00
# Visual Studio 2010
Project("{F184B08F-C81C-45F6-A57F-5ABD9991F28F}") = "TestMpMath", "TestMpMath\TestMpMath.vbproj", "{AA515103-C880-4754-8A64-6DFBD146E708}"
EndProject
Project("{F184B08F-C81C-45F6-A57F-5ABD9991F28F}") = "MpMathNetLib", "MpMathNetLib\MpMathNetLib.vbproj", "{86471ADA-FCB8-4911-8AC0-1D5BF34A5187}"
EndProject
Project("{FD48973F-F585-4F70-812B-4D0503B36CE9}") = "MpMathPythonLib", "MpMathPythonLib\MpMathPythonLib.pyproj", "{9224F7E1-D494-4C0B-9EDC-65E22A16344B}"
EndProject
Project("{F184B08F-C81C-45F6-A57F-5ABD9991F28F}") = "MpMathClient", "MpMathClient\MpMathClient.vbproj", "{74A66037-B32B-451B-BAA0-0A94C8CBAA42}"
EndProject
Project("{F184B08F-C81C-45F6-A57F-5ABD9991F28F}") = "MpMathClientDll32", "MpMathClientDLL\MpMathClientDll32.vbproj", "{281C3B18-D0C2-4D81-8856-CC6327ADBCAA}"
EndProject
Project("{F184B08F-C81C-45F6-A57F-5ABD9991F28F}") = "MpMathClientForm", "MpMathClientForm\MpMathClientForm.vbproj", "{DAF5EC06-3695-43C9-8569-43CA62E6F156}"
EndProject
Project("{F184B08F-C81C-45F6-A57F-5ABD9991F28F}") = "MpMathServer", "MpMathServer\MpMathServer.vbproj", "{63A7BF8E-2733-4AA1-87A1-5278F8B6B613}"
EndProject
Project("{F184B08F-C81C-45F6-A57F-5ABD9991F28F}") = "MpMathClientDll64", "MpMathClientDLL\MpMathClientDll64.vbproj", "{D311BE32-1972-40E1-9B91-D766DF73753A}"
EndProject
Project("{F184B08F-C81C-45F6-A57F-5ABD9991F28F}") = "mpFormulaNET", "mpFormulaXLClassLib\mpFormulaNET.vbproj", "{79A65920-C4CC-4E2B-B740-6F473A35B287}"
EndProject
Project("{F184B08F-C81C-45F6-A57F-5ABD9991F28F}") = "TestFormula", "TestFormulaXLClassLib\TestFormula.vbproj", "{DDF7664D-7F7A-44B2-8BA2-B8E1D0DA1523}"
EndProject
Project("{F184B08F-C81C-45F6-A57F-5ABD9991F28F}") = "mpFormulaOneCOM", "mpFormulaOneCOM\mpFormulaOneCOM.vbproj", "{32EBA2E4-A977-4FD9-B52C-4AA1625C16BB}"
EndProject
Project("{F184B08F-C81C-45F6-A57F-5ABD9991F28F}") = "TestFormulaOneCOM", "TestFormulaOneCOM\TestFormulaOneCOM.vbproj", "{A6EDF91E-F8B6-4859-BEDE-AF69202F64A7}"
EndProject
Project("{F184B08F-C81C-45F6-A57F-5ABD9991F28F}") = "mpFormulaVB", "mpFormulaVB\mpFormulaVB.vbproj", "{3542A028-98A6-437A-BC75-7D1E76A03BAB}"
EndProject
Global
	GlobalSection(SolutionConfigurationPlatforms) = preSolution
		Debug|Any CPU = Debug|Any CPU
		Debug|x64 = Debug|x64
		Debug|x86 = Debug|x86
		Release|Any CPU = Release|Any CPU
		Release|x64 = Release|x64
		Release|x86 = Release|x86
	EndGlobalSection
	GlobalSection(ProjectConfigurationPlatforms) = postSolution
		{AA515103-C880-4754-8A64-6DFBD146E708}.Debug|Any CPU.ActiveCfg = Debug|Any CPU
		{AA515103-C880-4754-8A64-6DFBD146E708}.Debug|Any CPU.Build.0 = Debug|Any CPU
		{AA515103-C880-4754-8A64-6DFBD146E708}.Debug|x64.ActiveCfg = Debug|x64
		{AA515103-C880-4754-8A64-6DFBD146E708}.Debug|x64.Build.0 = Debug|x64
		{AA515103-C880-4754-8A64-6DFBD146E708}.Debug|x86.ActiveCfg = Debug|x86
		{AA515103-C880-4754-8A64-6DFBD146E708}.Debug|x86.Build.0 = Debug|x86
		{AA515103-C880-4754-8A64-6DFBD146E708}.Release|Any CPU.ActiveCfg = Release|Any CPU
		{AA515103-C880-4754-8A64-6DFBD146E708}.Release|Any CPU.Build.0 = Release|Any CPU
		{AA515103-C880-4754-8A64-6DFBD146E708}.Release|x64.ActiveCfg = Release|x64
		{AA515103-C880-4754-8A64-6DFBD146E708}.Release|x64.Build.0 = Release|x64
		{AA515103-C880-4754-8A64-6DFBD146E708}.Release|x86.ActiveCfg = Release|x86
		{AA515103-C880-4754-8A64-6DFBD146E708}.Release|x86.Build.0 = Release|x86
		{86471ADA-FCB8-4911-8AC0-1D5BF34A5187}.Debug|Any CPU.ActiveCfg = Debug|Any CPU
		{86471ADA-FCB8-4911-8AC0-1D5BF34A5187}.Debug|x64.ActiveCfg = Debug|x64
		{86471ADA-FCB8-4911-8AC0-1D5BF34A5187}.Debug|x86.ActiveCfg = Debug|x86
		{86471ADA-FCB8-4911-8AC0-1D5BF34A5187}.Release|Any CPU.ActiveCfg = Release|Any CPU
		{86471ADA-FCB8-4911-8AC0-1D5BF34A5187}.Release|x64.ActiveCfg = Release|x64
		{86471ADA-FCB8-4911-8AC0-1D5BF34A5187}.Release|x86.ActiveCfg = Release|x86
		{9224F7E1-D494-4C0B-9EDC-65E22A16344B}.Debug|Any CPU.ActiveCfg = Debug|Any CPU
		{9224F7E1-D494-4C0B-9EDC-65E22A16344B}.Debug|Any CPU.Build.0 = Debug|Any CPU
		{9224F7E1-D494-4C0B-9EDC-65E22A16344B}.Debug|x64.ActiveCfg = Debug|Any CPU
		{9224F7E1-D494-4C0B-9EDC-65E22A16344B}.Debug|x64.Build.0 = Debug|Any CPU
		{9224F7E1-D494-4C0B-9EDC-65E22A16344B}.Debug|x86.ActiveCfg = Debug|Any CPU
		{9224F7E1-D494-4C0B-9EDC-65E22A16344B}.Debug|x86.Build.0 = Debug|Any CPU
		{9224F7E1-D494-4C0B-9EDC-65E22A16344B}.Release|Any CPU.ActiveCfg = Release|Any CPU
		{9224F7E1-D494-4C0B-9EDC-65E22A16344B}.Release|Any CPU.Build.0 = Release|Any CPU
		{9224F7E1-D494-4C0B-9EDC-65E22A16344B}.Release|x64.ActiveCfg = Release|Any CPU
		{9224F7E1-D494-4C0B-9EDC-65E22A16344B}.Release|x64.Build.0 = Release|Any CPU
		{9224F7E1-D494-4C0B-9EDC-65E22A16344B}.Release|x86.ActiveCfg = Release|Any CPU
		{9224F7E1-D494-4C0B-9EDC-65E22A16344B}.Release|x86.Build.0 = Release|Any CPU
		{74A66037-B32B-451B-BAA0-0A94C8CBAA42}.Debug|Any CPU.ActiveCfg = Debug|Any CPU
		{74A66037-B32B-451B-BAA0-0A94C8CBAA42}.Debug|Any CPU.Build.0 = Debug|Any CPU
		{74A66037-B32B-451B-BAA0-0A94C8CBAA42}.Debug|x64.ActiveCfg = Debug|x64
		{74A66037-B32B-451B-BAA0-0A94C8CBAA42}.Debug|x64.Build.0 = Debug|x64
		{74A66037-B32B-451B-BAA0-0A94C8CBAA42}.Debug|x86.ActiveCfg = Debug|x86
		{74A66037-B32B-451B-BAA0-0A94C8CBAA42}.Debug|x86.Build.0 = Debug|x86
		{74A66037-B32B-451B-BAA0-0A94C8CBAA42}.Release|Any CPU.ActiveCfg = Release|Any CPU
		{74A66037-B32B-451B-BAA0-0A94C8CBAA42}.Release|Any CPU.Build.0 = Release|Any CPU
		{74A66037-B32B-451B-BAA0-0A94C8CBAA42}.Release|x64.ActiveCfg = Release|x64
		{74A66037-B32B-451B-BAA0-0A94C8CBAA42}.Release|x64.Build.0 = Release|x64
		{74A66037-B32B-451B-BAA0-0A94C8CBAA42}.Release|x86.ActiveCfg = Release|x86
		{74A66037-B32B-451B-BAA0-0A94C8CBAA42}.Release|x86.Build.0 = Release|x86
		{281C3B18-D0C2-4D81-8856-CC6327ADBCAA}.Debug|Any CPU.ActiveCfg = Debug|Any CPU
		{281C3B18-D0C2-4D81-8856-CC6327ADBCAA}.Debug|Any CPU.Build.0 = Debug|Any CPU
		{281C3B18-D0C2-4D81-8856-CC6327ADBCAA}.Debug|x64.ActiveCfg = Debug|x64
		{281C3B18-D0C2-4D81-8856-CC6327ADBCAA}.Debug|x64.Build.0 = Debug|x64
		{281C3B18-D0C2-4D81-8856-CC6327ADBCAA}.Debug|x86.ActiveCfg = Debug|x86
		{281C3B18-D0C2-4D81-8856-CC6327ADBCAA}.Debug|x86.Build.0 = Debug|x86
		{281C3B18-D0C2-4D81-8856-CC6327ADBCAA}.Release|Any CPU.ActiveCfg = Release|Any CPU
		{281C3B18-D0C2-4D81-8856-CC6327ADBCAA}.Release|Any CPU.Build.0 = Release|Any CPU
		{281C3B18-D0C2-4D81-8856-CC6327ADBCAA}.Release|x64.ActiveCfg = Release|x64
		{281C3B18-D0C2-4D81-8856-CC6327ADBCAA}.Release|x64.Build.0 = Release|x64
		{281C3B18-D0C2-4D81-8856-CC6327ADBCAA}.Release|x86.ActiveCfg = Release|x86
		{281C3B18-D0C2-4D81-8856-CC6327ADBCAA}.Release|x86.Build.0 = Release|x86
		{DAF5EC06-3695-43C9-8569-43CA62E6F156}.Debug|Any CPU.ActiveCfg = Debug|Any CPU
		{DAF5EC06-3695-43C9-8569-43CA62E6F156}.Debug|Any CPU.Build.0 = Debug|Any CPU
		{DAF5EC06-3695-43C9-8569-43CA62E6F156}.Debug|x64.ActiveCfg = Debug|x64
		{DAF5EC06-3695-43C9-8569-43CA62E6F156}.Debug|x64.Build.0 = Debug|x64
		{DAF5EC06-3695-43C9-8569-43CA62E6F156}.Debug|x86.ActiveCfg = Debug|x86
		{DAF5EC06-3695-43C9-8569-43CA62E6F156}.Debug|x86.Build.0 = Debug|x86
		{DAF5EC06-3695-43C9-8569-43CA62E6F156}.Release|Any CPU.ActiveCfg = Release|Any CPU
		{DAF5EC06-3695-43C9-8569-43CA62E6F156}.Release|Any CPU.Build.0 = Release|Any CPU
		{DAF5EC06-3695-43C9-8569-43CA62E6F156}.Release|x64.ActiveCfg = Release|x64
		{DAF5EC06-3695-43C9-8569-43CA62E6F156}.Release|x64.Build.0 = Release|x64
		{DAF5EC06-3695-43C9-8569-43CA62E6F156}.Release|x86.ActiveCfg = Release|x86
		{DAF5EC06-3695-43C9-8569-43CA62E6F156}.Release|x86.Build.0 = Release|x86
		{63A7BF8E-2733-4AA1-87A1-5278F8B6B613}.Debug|Any CPU.ActiveCfg = Debug|Any CPU
		{63A7BF8E-2733-4AA1-87A1-5278F8B6B613}.Debug|Any CPU.Build.0 = Debug|Any CPU
		{63A7BF8E-2733-4AA1-87A1-5278F8B6B613}.Debug|x64.ActiveCfg = Debug|x64
		{63A7BF8E-2733-4AA1-87A1-5278F8B6B613}.Debug|x64.Build.0 = Debug|x64
		{63A7BF8E-2733-4AA1-87A1-5278F8B6B613}.Debug|x86.ActiveCfg = Debug|x86
		{63A7BF8E-2733-4AA1-87A1-5278F8B6B613}.Debug|x86.Build.0 = Debug|x86
		{63A7BF8E-2733-4AA1-87A1-5278F8B6B613}.Release|Any CPU.ActiveCfg = Release|Any CPU
		{63A7BF8E-2733-4AA1-87A1-5278F8B6B613}.Release|Any CPU.Build.0 = Release|Any CPU
		{63A7BF8E-2733-4AA1-87A1-5278F8B6B613}.Release|x64.ActiveCfg = Release|x64
		{63A7BF8E-2733-4AA1-87A1-5278F8B6B613}.Release|x64.Build.0 = Release|x64
		{63A7BF8E-2733-4AA1-87A1-5278F8B6B613}.Release|x86.ActiveCfg = Release|x86
		{63A7BF8E-2733-4AA1-87A1-5278F8B6B613}.Release|x86.Build.0 = Release|x86
		{D311BE32-1972-40E1-9B91-D766DF73753A}.Debug|Any CPU.ActiveCfg = Debug|Any CPU
		{D311BE32-1972-40E1-9B91-D766DF73753A}.Debug|x64.ActiveCfg = Debug|x64
		{D311BE32-1972-40E1-9B91-D766DF73753A}.Debug|x86.ActiveCfg = Debug|x86
		{D311BE32-1972-40E1-9B91-D766DF73753A}.Release|Any CPU.ActiveCfg = Release|Any CPU
		{D311BE32-1972-40E1-9B91-D766DF73753A}.Release|x64.ActiveCfg = Release|x64
		{D311BE32-1972-40E1-9B91-D766DF73753A}.Release|x86.ActiveCfg = Release|x86
		{79A65920-C4CC-4E2B-B740-6F473A35B287}.Debug|Any CPU.ActiveCfg = Debug|Any CPU
		{79A65920-C4CC-4E2B-B740-6F473A35B287}.Debug|Any CPU.Build.0 = Debug|Any CPU
		{79A65920-C4CC-4E2B-B740-6F473A35B287}.Debug|x64.ActiveCfg = Debug|Any CPU
		{79A65920-C4CC-4E2B-B740-6F473A35B287}.Debug|x64.Build.0 = Debug|Any CPU
		{79A65920-C4CC-4E2B-B740-6F473A35B287}.Debug|x86.ActiveCfg = Debug|Any CPU
		{79A65920-C4CC-4E2B-B740-6F473A35B287}.Debug|x86.Build.0 = Debug|Any CPU
		{79A65920-C4CC-4E2B-B740-6F473A35B287}.Release|Any CPU.ActiveCfg = Release|Any CPU
		{79A65920-C4CC-4E2B-B740-6F473A35B287}.Release|Any CPU.Build.0 = Release|Any CPU
		{79A65920-C4CC-4E2B-B740-6F473A35B287}.Release|x64.ActiveCfg = Release|Any CPU
		{79A65920-C4CC-4E2B-B740-6F473A35B287}.Release|x64.Build.0 = Release|Any CPU
		{79A65920-C4CC-4E2B-B740-6F473A35B287}.Release|x86.ActiveCfg = Release|Any CPU
		{79A65920-C4CC-4E2B-B740-6F473A35B287}.Release|x86.Build.0 = Release|Any CPU
		{DDF7664D-7F7A-44B2-8BA2-B8E1D0DA1523}.Debug|Any CPU.ActiveCfg = Debug|Any CPU
		{DDF7664D-7F7A-44B2-8BA2-B8E1D0DA1523}.Debug|Any CPU.Build.0 = Debug|Any CPU
		{DDF7664D-7F7A-44B2-8BA2-B8E1D0DA1523}.Debug|x64.ActiveCfg = Debug|Any CPU
		{DDF7664D-7F7A-44B2-8BA2-B8E1D0DA1523}.Debug|x64.Build.0 = Debug|Any CPU
		{DDF7664D-7F7A-44B2-8BA2-B8E1D0DA1523}.Debug|x86.ActiveCfg = Debug|Any CPU
		{DDF7664D-7F7A-44B2-8BA2-B8E1D0DA1523}.Debug|x86.Build.0 = Debug|Any CPU
		{DDF7664D-7F7A-44B2-8BA2-B8E1D0DA1523}.Release|Any CPU.ActiveCfg = Release|Any CPU
		{DDF7664D-7F7A-44B2-8BA2-B8E1D0DA1523}.Release|Any CPU.Build.0 = Release|Any CPU
		{DDF7664D-7F7A-44B2-8BA2-B8E1D0DA1523}.Release|x64.ActiveCfg = Release|Any CPU
		{DDF7664D-7F7A-44B2-8BA2-B8E1D0DA1523}.Release|x64.Build.0 = Release|Any CPU
		{DDF7664D-7F7A-44B2-8BA2-B8E1D0DA1523}.Release|x86.ActiveCfg = Release|Any CPU
		{DDF7664D-7F7A-44B2-8BA2-B8E1D0DA1523}.Release|x86.Build.0 = Release|Any CPU
		{32EBA2E4-A977-4FD9-B52C-4AA1625C16BB}.Debug|Any CPU.ActiveCfg = Debug|Any CPU
		{32EBA2E4-A977-4FD9-B52C-4AA1625C16BB}.Debug|Any CPU.Build.0 = Debug|Any CPU
		{32EBA2E4-A977-4FD9-B52C-4AA1625C16BB}.Debug|x64.ActiveCfg = Debug|Any CPU
		{32EBA2E4-A977-4FD9-B52C-4AA1625C16BB}.Debug|x64.Build.0 = Debug|Any CPU
		{32EBA2E4-A977-4FD9-B52C-4AA1625C16BB}.Debug|x86.ActiveCfg = Debug|Any CPU
		{32EBA2E4-A977-4FD9-B52C-4AA1625C16BB}.Debug|x86.Build.0 = Debug|Any CPU
		{32EBA2E4-A977-4FD9-B52C-4AA1625C16BB}.Release|Any CPU.ActiveCfg = Release|Any CPU
		{32EBA2E4-A977-4FD9-B52C-4AA1625C16BB}.Release|Any CPU.Build.0 = Release|Any CPU
		{32EBA2E4-A977-4FD9-B52C-4AA1625C16BB}.Release|x64.ActiveCfg = Release|Any CPU
		{32EBA2E4-A977-4FD9-B52C-4AA1625C16BB}.Release|x64.Build.0 = Release|Any CPU
		{32EBA2E4-A977-4FD9-B52C-4AA1625C16BB}.Release|x86.ActiveCfg = Release|Any CPU
		{32EBA2E4-A977-4FD9-B52C-4AA1625C16BB}.Release|x86.Build.0 = Release|Any CPU
		{A6EDF91E-F8B6-4859-BEDE-AF69202F64A7}.Debug|Any CPU.ActiveCfg = Debug|Any CPU
		{A6EDF91E-F8B6-4859-BEDE-AF69202F64A7}.Debug|Any CPU.Build.0 = Debug|Any CPU
		{A6EDF91E-F8B6-4859-BEDE-AF69202F64A7}.Debug|x64.ActiveCfg = Debug|Any CPU
		{A6EDF91E-F8B6-4859-BEDE-AF69202F64A7}.Debug|x64.Build.0 = Debug|Any CPU
		{A6EDF91E-F8B6-4859-BEDE-AF69202F64A7}.Debug|x86.ActiveCfg = Debug|Any CPU
		{A6EDF91E-F8B6-4859-BEDE-AF69202F64A7}.Debug|x86.Build.0 = Debug|Any CPU
		{A6EDF91E-F8B6-4859-BEDE-AF69202F64A7}.Release|Any CPU.ActiveCfg = Release|Any CPU
		{A6EDF91E-F8B6-4859-BEDE-AF69202F64A7}.Release|Any CPU.Build.0 = Release|Any CPU
		{A6EDF91E-F8B6-4859-BEDE-AF69202F64A7}.Release|x64.ActiveCfg = Release|Any CPU
		{A6EDF91E-F8B6-4859-BEDE-AF69202F64A7}.Release|x64.Build.0 = Release|Any CPU
		{A6EDF91E-F8B6-4859-BEDE-AF69202F64A7}.Release|x86.ActiveCfg = Release|Any CPU
		{A6EDF91E-F8B6-4859-BEDE-AF69202F64A7}.Release|x86.Build.0 = Release|Any CPU
		{3542A028-98A6-437A-BC75-7D1E76A03BAB}.Debug|Any CPU.ActiveCfg = Debug|Any CPU
		{3542A028-98A6-437A-BC75-7D1E76A03BAB}.Debug|x64.ActiveCfg = Debug|Any CPU
		{3542A028-98A6-437A-BC75-7D1E76A03BAB}.Debug|x86.ActiveCfg = Debug|Any CPU
		{3542A028-98A6-437A-BC75-7D1E76A03BAB}.Release|Any CPU.ActiveCfg = Release|Any CPU
		{3542A028-98A6-437A-BC75-7D1E76A03BAB}.Release|x64.ActiveCfg = Release|Any CPU
		{3542A028-98A6-437A-BC75-7D1E76A03BAB}.Release|x86.ActiveCfg = Release|Any CPU
	EndGlobalSection
	GlobalSection(SolutionProperties) = preSolution
		HideSolutionNode = FALSE
	EndGlobalSection
EndGlobal
